{
  "name": "oracle",
  "version": "1.0.0",
  "lockfileVersion": 1,
  "requires": true,
  "dependencies": {
    "assert": {
      "version": "1.4.1",
      "resolved": "https://registry.npmjs.org/assert/-/assert-1.4.1.tgz",
      "integrity": "sha1-mZEtWRg2tab1s0XA8H7vwI/GXZE="
    },
    "brace-expansion": {
      "version": "1.1.8",
      "resolved": "https://registry.npmjs.org/brace-expansion/-/brace-expansion-1.1.8.tgz",
      "integrity": "sha1-wHshHHyVLsH479Uad+8NHTmQopI="
    },
    "ethdeploy": {
      "version": "1.0.7",
      "resolved": "https://registry.npmjs.org/ethdeploy/-/ethdeploy-1.0.7.tgz",
      "integrity": "sha1-1rIg8THg3F4sEt1qPeqyzKkSj0g=",
      "dependencies": {
        "ethjs-abi": {
          "version": "0.1.7",
          "resolved": "https://registry.npmjs.org/ethjs-abi/-/ethjs-abi-0.1.7.tgz",
          "integrity": "sha1-6Gob4aJeE57ADnpsGVfil86jWrc="
        },
        "ethjs-contract": {
          "version": "0.1.7",
          "resolved": "https://registry.npmjs.org/ethjs-contract/-/ethjs-contract-0.1.7.tgz",
          "integrity": "sha1-ziVBX1GkFKgt21y6D6Z1BAQ5/Oo="
        }
      }
    },
    "ethdeploy-environment-loader": {
      "version": "1.0.0",
      "resolved": "https://registry.npmjs.org/ethdeploy-environment-loader/-/ethdeploy-environment-loader-1.0.0.tgz",
      "integrity": "sha1-B86QQDMJmu7Ug2v8f6B+NCYK3OA="
    },
    "ethdeploy-solc-loader": {
      "version": "1.0.4",
      "resolved": "https://registry.npmjs.org/ethdeploy-solc-loader/-/ethdeploy-solc-loader-1.0.4.tgz",
      "integrity": "sha1-mxqRiEA+Ihf50N1SIW72rBIhSOc="
    },
    "ethjs": {
      "version": "0.2.7",
      "resolved": "https://registry.npmjs.org/ethjs/-/ethjs-0.2.7.tgz",
      "integrity": "sha1-pcqDWJEzy2A4iTykiVjVysETXug="
    },
    "ethjs-provider-http": {
      "version": "0.1.6",
      "resolved": "https://registry.npmjs.org/ethjs-provider-http/-/ethjs-provider-http-0.1.6.tgz",
      "integrity": "sha1-HsXZtL4lfvHValALIqdBmF6IlCA="
    },
    "ethjs-provider-signer": {
      "version": "0.1.4",
      "resolved": "https://registry.npmjs.org/ethjs-provider-signer/-/ethjs-provider-signer-0.1.4.tgz",
      "integrity": "sha1-a9XLOKjVsN30asHiOmDuoXFhca4=",
      "dependencies": {
        "ethjs-format": {
          "version": "0.1.8",
          "resolved": "https://registry.npmjs.org/ethjs-format/-/ethjs-format-0.1.8.tgz",
          "integrity": "sha1-kl7N2WXqcqKi2vKhIuW/gLWtUio="
        },
        "ethjs-rpc": {
          "version": "0.1.2",
          "resolved": "https://registry.npmjs.org/ethjs-rpc/-/ethjs-rpc-0.1.2.tgz",
          "integrity": "sha1-OaNFa1HFmu6vtbpVZYmlny2ojSY="
        },
        "ethjs-schema": {
          "version": "0.1.4",
          "resolved": "https://registry.npmjs.org/ethjs-schema/-/ethjs-schema-0.1.4.tgz",
          "integrity": "sha1-AyOhYzOxrOmo8daWpu5jRI/dRV8="
        }
      }
    },
    "ethjs-signer": {
      "version": "0.1.1",
      "resolved": "https://registry.npmjs.org/ethjs-signer/-/ethjs-signer-0.1.1.tgz",
      "integrity": "sha1-Cvd5YeKe5FhgOqvTZguIaNM4ZEE=",
      "dependencies": {
        "number-to-bn": {
          "version": "1.1.0",
          "resolved": "https://registry.npmjs.org/number-to-bn/-/number-to-bn-1.1.0.tgz",
          "integrity": "sha1-UaM4fFvGgDWrQFjGJhMvdn2dCL8="
        }
      }
    },
    "minimatch": {
      "version": "3.0.5",
      "resolved": "https://registry.npmjs.org/minimatch/-/minimatch-3.0.5.tgz",
      "integrity": "sha512-tUpxzX0VAzJHjLu0xUfFv1gwVp9ba3IOuRAVH2EGuRW8a5emA2FlACLqiT/lDVtS1W+TGNwqz3sWaNyLgDJWuw==",
      "requires": {
        "brace-expansion": "^1.1.7"
      }
    },
    "mocha": {
      "version": "3.4.2",
      "resolved": "https://registry.npmjs.org/mocha/-/mocha-3.4.2.tgz",
      "integrity": "sha1-0O9NMyEm2/GNDWQMmzgt1IvpdZQ="
    }
  }
}
